<?xml version="1.0" encoding="utf-8"?>
<Project ToolsVersion="4.0" xmlns="http://schemas.microsoft.com/developer/msbuild/2003">
  <ItemGroup>
    <Filter Include="source_code">
      <UniqueIdentifier>{ebf06b8f-e361-4d27-9d22-ddf2301eda91}</UniqueIdentifier>
    </Filter>
    <Filter Include="supporting_files">
      <UniqueIdentifier>{d4c63fc2-c76f-479e-891d-910b8bf8e555}</UniqueIdentifier>
    </Filter>
    <Filter Include="source_code\Shaders">
      <UniqueIdentifier>{2fe8d971-92c3-4a29-b157-5f9250d9f886}</UniqueIdentifier>
    </Filter>
    <Filter Include="supporting_files\Textures">
      <UniqueIdentifier>{20d1d0f0-8190-4d56-a7ac-6bf21c5609b8}</UniqueIdentifier>
    </Filter>
  </ItemGroup>
  <ItemGroup>
    <ClInclude Include="game_logic.h">
      <Filter>source_code</Filter>
    </ClInclude>
    <ClInclude Include="process_shader.h">
      <Filter>source_code</Filter>
    </ClInclude>
    <ClInclude Include="process_texture.h">
      <Filter>source_code</Filter>
    </ClInclude>
    <ClInclude Include="resource_manager.h">
      <Filter>source_code</Filter>
    </ClInclude>
    <ClInclude Include="stb_image.h">
      <Filter>supporting_files</Filter>
    </ClInclude>
    <ClInclude Include="render_sprite.h">
      <Filter>source_code</Filter>
    </ClInclude>
    <ClInclude Include="in_game_obj.h">
      <Filter>source_code</Filter>
    </ClInclude>
    <ClInclude Include="game_level_logic.h">
      <Filter>source_code</Filter>
    </ClInclude>
  </ItemGroup>
  <ItemGroup>
    <ClCompile Include="glad.c">
      <Filter>supporting_files</Filter>
    </ClCompile>
    <ClCompile Include="main.cpp">
      <Filter>source_code</Filter>
    </ClCompile>
    <ClCompile Include="game_logic.cpp">
      <Filter>source_code</Filter>
    </ClCompile>
    <ClCompile Include="process_shader.cpp">
      <Filter>source_code</Filter>
    </ClCompile>
    <ClCompile Include="process_texture.cpp">
      <Filter>source_code</Filter>
    </ClCompile>
    <ClCompile Include="resource_manager.cpp">
      <Filter>source_code</Filter>
    </ClCompile>
    <ClCompile Include="stb_image_init.cpp">
      <Filter>supporting_files</Filter>
    </ClCompile>
    <ClCompile Include="render_sprite.cpp">
      <Filter>source_code</Filter>
    </ClCompile>
    <ClCompile Include="in_game_obj.cpp">
      <Filter>source_code</Filter>
    </ClCompile>
    <ClCompile Include="game_level_logic.cpp">
      <Filter>source_code</Filter>
    </ClCompile>
  </ItemGroup>
  <ItemGroup>
    <None Include="Resources\Shaders\sprite_test.vert">
      <Filter>source_code\Shaders</Filter>
    </None>
    <None Include="Resources\Shaders\sprite_test.frag">
      <Filter>source_code\Shaders</Filter>
    </None>
  </ItemGroup>
  <ItemGroup>
    <Image Include="Resources\Textures\dog_smile2.jpg">
      <Filter>supporting_files\Textures</Filter>
    </Image>
  </ItemGroup>
</Project>